// !$*UTF8*$!
{
	archiveVersion = 1;
	classes = {
	};
	objectVersion = 46;
	objects = {

/* Begin PBXBuildFile section */
		31F7A84D1BE2420C003C5163 /* libz.dylib in Frameworks */ = {isa = PBXBuildFile; fileRef = 31F7A84C1BE2420C003C5163 /* libz.dylib */; };
		44E05CF0C6069B8739DA268E /* libPods-sdk-examples.a in Frameworks */ = {isa = PBXBuildFile; fileRef = 97EB9EB706428D8D3F61DFBF /* libPods-sdk-examples.a */; };
		494D6CC218DC8A44004AA8E1 /* Foundation.framework in Frameworks */ = {isa = PBXBuildFile; fileRef = 494D6CC118DC8A44004AA8E1 /* Foundation.framework */; };
		494D6CC418DC8A44004AA8E1 /* CoreGraphics.framework in Frameworks */ = {isa = PBXBuildFile; fileRef = 494D6CC318DC8A44004AA8E1 /* CoreGraphics.framework */; };
		494D6CC618DC8A44004AA8E1 /* UIKit.framework in Frameworks */ = {isa = PBXBuildFile; fileRef = 494D6CC518DC8A44004AA8E1 /* UIKit.framework */; };
		494D6CF718DC8AB2004AA8E1 /* IndoorAtlasBundle.xcassets in Resources */ = {isa = PBXBuildFile; fileRef = 494D6CF618DC8AB2004AA8E1 /* IndoorAtlasBundle.xcassets */; };
		494D6CF918DC8ABC004AA8E1 /* IndoorAtlas.framework in Frameworks */ = {isa = PBXBuildFile; fileRef = 494D6CF818DC8ABC004AA8E1 /* IndoorAtlas.framework */; };
		494D6CFB18DC8B16004AA8E1 /* CoreMotion.framework in Frameworks */ = {isa = PBXBuildFile; fileRef = 494D6CFA18DC8B16004AA8E1 /* CoreMotion.framework */; };
		49A11F231B2965BB0040D562 /* Security.framework in Frameworks */ = {isa = PBXBuildFile; fileRef = 49A11F221B2965BB0040D562 /* Security.framework */; };
		49A11F251B2965C20040D562 /* CFNetwork.framework in Frameworks */ = {isa = PBXBuildFile; fileRef = 49A11F241B2965C20040D562 /* CFNetwork.framework */; };
		49B1A9F21B9F2E8C003D957D /* CoreLocation.framework in Frameworks */ = {isa = PBXBuildFile; fileRef = 49B1A9F11B9F2E8C003D957D /* CoreLocation.framework */; };
		654A820D1F03B189006F71D4 /* GeofenceViewController.m in Sources */ = {isa = PBXBuildFile; fileRef = 654A820C1F03B189006F71D4 /* GeofenceViewController.m */; };
		654A82101F06353C006F71D4 /* LowPowerViewController.m in Sources */ = {isa = PBXBuildFile; fileRef = 654A820F1F06353C006F71D4 /* LowPowerViewController.m */; };
		933320EB1E30AAE200804C34 /* ShareLocationViewController.m in Sources */ = {isa = PBXBuildFile; fileRef = 933320EA1E30AAE200804C34 /* ShareLocationViewController.m */; };
		C30320A31E42107F0075ACF1 /* RegionViewController.m in Sources */ = {isa = PBXBuildFile; fileRef = C30320A21E42107F0075ACF1 /* RegionViewController.m */; };
		C30C65501BD8B23700EE8340 /* main.m in Sources */ = {isa = PBXBuildFile; fileRef = C30C654B1BD8B23700EE8340 /* main.m */; };
		C30C65511BD8B23700EE8340 /* SDKDemoAppDelegate.m in Sources */ = {isa = PBXBuildFile; fileRef = C30C654D1BD8B23700EE8340 /* SDKDemoAppDelegate.m */; };
		C30C65521BD8B23700EE8340 /* SDKDemoMasterViewController.m in Sources */ = {isa = PBXBuildFile; fileRef = C30C654F1BD8B23700EE8340 /* SDKDemoMasterViewController.m */; };
		C30C655E1BD8B26900EE8340 /* AppleMapsOverlayViewController.m in Sources */ = {isa = PBXBuildFile; fileRef = C30C65551BD8B26900EE8340 /* AppleMapsOverlayViewController.m */; };
		C30C655F1BD8B26900EE8340 /* AppleMapsViewController.m in Sources */ = {isa = PBXBuildFile; fileRef = C30C65571BD8B26900EE8340 /* AppleMapsViewController.m */; };
		C30C65601BD8B26900EE8340 /* ConsoleViewController.m in Sources */ = {isa = PBXBuildFile; fileRef = C30C65591BD8B26900EE8340 /* ConsoleViewController.m */; };
		C30C65611BD8B26900EE8340 /* Examples.m in Sources */ = {isa = PBXBuildFile; fileRef = C30C655B1BD8B26900EE8340 /* Examples.m */; };
		C30C65621BD8B26900EE8340 /* ImageViewController.m in Sources */ = {isa = PBXBuildFile; fileRef = C30C655D1BD8B26900EE8340 /* ImageViewController.m */; };
		C324CCD31EB9AE100056CD80 /* CalibrationIndicator.m in Sources */ = {isa = PBXBuildFile; fileRef = C324CCD21EB9AE100056CD80 /* CalibrationIndicator.m */; };
		C3552B7D1E7BD8690060FB90 /* OrientationViewController.m in Sources */ = {isa = PBXBuildFile; fileRef = C3552B7A1E7BD8690060FB90 /* OrientationViewController.m */; };
		C3552B7E1E7BD8690060FB90 /* PanoramaView.m in Sources */ = {isa = PBXBuildFile; fileRef = C3552B7C1E7BD8690060FB90 /* PanoramaView.m */; };
		C3552B851E7BE8330060FB90 /* GLKit.framework in Frameworks */ = {isa = PBXBuildFile; fileRef = C3552B841E7BE8330060FB90 /* GLKit.framework */; };
		C3552B871E7BE83C0060FB90 /* OpenGLES.framework in Frameworks */ = {isa = PBXBuildFile; fileRef = C3552B861E7BE83C0060FB90 /* OpenGLES.framework */; };
		C3552B8C1E7BEF080060FB90 /* telescope_compass_2048.jpg in Resources */ = {isa = PBXBuildFile; fileRef = C3552B8B1E7BEF080060FB90 /* telescope_compass_2048.jpg */; };
		C39CEB351E855F5500BEEDC3 /* BackgroundViewController.m in Sources */ = {isa = PBXBuildFile; fileRef = C39CEB341E855F5500BEEDC3 /* BackgroundViewController.m */; };
		C3AC85121BD8B8C500E17837 /* SystemConfiguration.framework in Frameworks */ = {isa = PBXBuildFile; fileRef = C3AC85111BD8B8C500E17837 /* SystemConfiguration.framework */; };
		C3AC85131BD8B8CC00E17837 /* MapKit.framework in Frameworks */ = {isa = PBXBuildFile; fileRef = C3DB3CA61BA15A4C0048FD81 /* MapKit.framework */; };
/* End PBXBuildFile section */

/* Begin PBXFileReference section */
		31F7A84C1BE2420C003C5163 /* libz.dylib */ = {isa = PBXFileReference; lastKnownFileType = "compiled.mach-o.dylib"; name = libz.dylib; path = usr/lib/libz.dylib; sourceTree = SDKROOT; };
		494D6CBE18DC8A44004AA8E1 /* sdk-examples.app */ = {isa = PBXFileReference; explicitFileType = wrapper.application; includeInIndex = 0; path = "sdk-examples.app"; sourceTree = BUILT_PRODUCTS_DIR; };
		494D6CC118DC8A44004AA8E1 /* Foundation.framework */ = {isa = PBXFileReference; lastKnownFileType = wrapper.framework; name = Foundation.framework; path = System/Library/Frameworks/Foundation.framework; sourceTree = SDKROOT; };
		494D6CC318DC8A44004AA8E1 /* CoreGraphics.framework */ = {isa = PBXFileReference; lastKnownFileType = wrapper.framework; name = CoreGraphics.framework; path = System/Library/Frameworks/CoreGraphics.framework; sourceTree = SDKROOT; };
		494D6CC518DC8A44004AA8E1 /* UIKit.framework */ = {isa = PBXFileReference; lastKnownFileType = wrapper.framework; name = UIKit.framework; path = System/Library/Frameworks/UIKit.framework; sourceTree = SDKROOT; };
		494D6CF618DC8AB2004AA8E1 /* IndoorAtlasBundle.xcassets */ = {isa = PBXFileReference; lastKnownFileType = folder.assetcatalog; path = IndoorAtlasBundle.xcassets; sourceTree = "<group>"; };
		494D6CF818DC8ABC004AA8E1 /* IndoorAtlas.framework */ = {isa = PBXFileReference; lastKnownFileType = wrapper.framework; name = IndoorAtlas.framework; path = ../IndoorAtlas.framework; sourceTree = "<group>"; };
		494D6CFA18DC8B16004AA8E1 /* CoreMotion.framework */ = {isa = PBXFileReference; lastKnownFileType = wrapper.framework; name = CoreMotion.framework; path = System/Library/Frameworks/CoreMotion.framework; sourceTree = SDKROOT; };
		49A11F221B2965BB0040D562 /* Security.framework */ = {isa = PBXFileReference; lastKnownFileType = wrapper.framework; name = Security.framework; path = System/Library/Frameworks/Security.framework; sourceTree = SDKROOT; };
		49A11F241B2965C20040D562 /* CFNetwork.framework */ = {isa = PBXFileReference; lastKnownFileType = wrapper.framework; name = CFNetwork.framework; path = System/Library/Frameworks/CFNetwork.framework; sourceTree = SDKROOT; };
		49B1A9F11B9F2E8C003D957D /* CoreLocation.framework */ = {isa = PBXFileReference; lastKnownFileType = wrapper.framework; name = CoreLocation.framework; path = System/Library/Frameworks/CoreLocation.framework; sourceTree = SDKROOT; };
		5FBEB7EE734060BE5687552A /* Pods-sdk-examples.release.xcconfig */ = {isa = PBXFileReference; includeInIndex = 1; lastKnownFileType = text.xcconfig; name = "Pods-sdk-examples.release.xcconfig"; path = "Pods/Target Support Files/Pods-sdk-examples/Pods-sdk-examples.release.xcconfig"; sourceTree = "<group>"; };
		60F2B605666BB6E3CA3461A0 /* Pods-sdk-examples.debug.xcconfig */ = {isa = PBXFileReference; includeInIndex = 1; lastKnownFileType = text.xcconfig; name = "Pods-sdk-examples.debug.xcconfig"; path = "Pods/Target Support Files/Pods-sdk-examples/Pods-sdk-examples.debug.xcconfig"; sourceTree = "<group>"; };
		654A820C1F03B189006F71D4 /* GeofenceViewController.m */ = {isa = PBXFileReference; fileEncoding = 4; lastKnownFileType = sourcecode.c.objc; name = GeofenceViewController.m; path = Examples/GeofenceViewController.m; sourceTree = "<group>"; };
		654A820E1F03B1AA006F71D4 /* GeofenceViewController.h */ = {isa = PBXFileReference; fileEncoding = 4; lastKnownFileType = sourcecode.c.h; name = GeofenceViewController.h; path = Examples/GeofenceViewController.h; sourceTree = "<group>"; };
		654A820F1F06353C006F71D4 /* LowPowerViewController.m */ = {isa = PBXFileReference; fileEncoding = 4; lastKnownFileType = sourcecode.c.objc; name = LowPowerViewController.m; path = Examples/LowPowerViewController.m; sourceTree = "<group>"; };
		654A82111F06357B006F71D4 /* LowPowerViewController.h */ = {isa = PBXFileReference; fileEncoding = 4; lastKnownFileType = sourcecode.c.h; name = LowPowerViewController.h; path = Examples/LowPowerViewController.h; sourceTree = "<group>"; };
		933320E91E30AAE200804C34 /* ShareLocationViewController.h */ = {isa = PBXFileReference; fileEncoding = 4; lastKnownFileType = sourcecode.c.h; name = ShareLocationViewController.h; path = Examples/ShareLocationViewController.h; sourceTree = "<group>"; };
		933320EA1E30AAE200804C34 /* ShareLocationViewController.m */ = {isa = PBXFileReference; fileEncoding = 4; lastKnownFileType = sourcecode.c.objc; name = ShareLocationViewController.m; path = Examples/ShareLocationViewController.m; sourceTree = "<group>"; };
		97EB9EB706428D8D3F61DFBF /* libPods-sdk-examples.a */ = {isa = PBXFileReference; explicitFileType = archive.ar; includeInIndex = 0; path = "libPods-sdk-examples.a"; sourceTree = BUILT_PRODUCTS_DIR; };
		C30320A11E42107F0075ACF1 /* RegionViewController.h */ = {isa = PBXFileReference; fileEncoding = 4; lastKnownFileType = sourcecode.c.h; name = RegionViewController.h; path = Examples/RegionViewController.h; sourceTree = "<group>"; };
		C30320A21E42107F0075ACF1 /* RegionViewController.m */ = {isa = PBXFileReference; fileEncoding = 4; lastKnownFileType = sourcecode.c.objc; name = RegionViewController.m; path = Examples/RegionViewController.m; sourceTree = "<group>"; };
		C30C65491BD8B1CE00EE8340 /* sdk-examples-Info.plist */ = {isa = PBXFileReference; fileEncoding = 4; lastKnownFileType = text.plist.xml; path = "sdk-examples-Info.plist"; sourceTree = "<group>"; };
		C30C654B1BD8B23700EE8340 /* main.m */ = {isa = PBXFileReference; fileEncoding = 4; lastKnownFileType = sourcecode.c.objc; path = main.m; sourceTree = "<group>"; };
		C30C654C1BD8B23700EE8340 /* SDKDemoAppDelegate.h */ = {isa = PBXFileReference; fileEncoding = 4; lastKnownFileType = sourcecode.c.h; path = SDKDemoAppDelegate.h; sourceTree = "<group>"; };
		C30C654D1BD8B23700EE8340 /* SDKDemoAppDelegate.m */ = {isa = PBXFileReference; fileEncoding = 4; lastKnownFileType = sourcecode.c.objc; path = SDKDemoAppDelegate.m; sourceTree = "<group>"; };
		C30C654E1BD8B23700EE8340 /* SDKDemoMasterViewController.h */ = {isa = PBXFileReference; fileEncoding = 4; lastKnownFileType = sourcecode.c.h; path = SDKDemoMasterViewController.h; sourceTree = "<group>"; };
		C30C654F1BD8B23700EE8340 /* SDKDemoMasterViewController.m */ = {isa = PBXFileReference; fileEncoding = 4; lastKnownFileType = sourcecode.c.objc; path = SDKDemoMasterViewController.m; sourceTree = "<group>"; };
		C30C65541BD8B26900EE8340 /* AppleMapsOverlayViewController.h */ = {isa = PBXFileReference; fileEncoding = 4; lastKnownFileType = sourcecode.c.h; name = AppleMapsOverlayViewController.h; path = Examples/AppleMapsOverlayViewController.h; sourceTree = "<group>"; };
		C30C65551BD8B26900EE8340 /* AppleMapsOverlayViewController.m */ = {isa = PBXFileReference; fileEncoding = 4; lastKnownFileType = sourcecode.c.objc; name = AppleMapsOverlayViewController.m; path = Examples/AppleMapsOverlayViewController.m; sourceTree = "<group>"; };
		C30C65561BD8B26900EE8340 /* AppleMapsViewController.h */ = {isa = PBXFileReference; fileEncoding = 4; lastKnownFileType = sourcecode.c.h; name = AppleMapsViewController.h; path = Examples/AppleMapsViewController.h; sourceTree = "<group>"; };
		C30C65571BD8B26900EE8340 /* AppleMapsViewController.m */ = {isa = PBXFileReference; fileEncoding = 4; lastKnownFileType = sourcecode.c.objc; name = AppleMapsViewController.m; path = Examples/AppleMapsViewController.m; sourceTree = "<group>"; };
		C30C65581BD8B26900EE8340 /* ConsoleViewController.h */ = {isa = PBXFileReference; fileEncoding = 4; lastKnownFileType = sourcecode.c.h; name = ConsoleViewController.h; path = Examples/ConsoleViewController.h; sourceTree = "<group>"; };
		C30C65591BD8B26900EE8340 /* ConsoleViewController.m */ = {isa = PBXFileReference; fileEncoding = 4; lastKnownFileType = sourcecode.c.objc; name = ConsoleViewController.m; path = Examples/ConsoleViewController.m; sourceTree = "<group>"; };
		C30C655A1BD8B26900EE8340 /* Examples.h */ = {isa = PBXFileReference; fileEncoding = 4; lastKnownFileType = sourcecode.c.h; name = Examples.h; path = Examples/Examples.h; sourceTree = "<group>"; };
		C30C655B1BD8B26900EE8340 /* Examples.m */ = {isa = PBXFileReference; fileEncoding = 4; lastKnownFileType = sourcecode.c.objc; name = Examples.m; path = Examples/Examples.m; sourceTree = "<group>"; };
		C30C655C1BD8B26900EE8340 /* ImageViewController.h */ = {isa = PBXFileReference; fileEncoding = 4; lastKnownFileType = sourcecode.c.h; name = ImageViewController.h; path = Examples/ImageViewController.h; sourceTree = "<group>"; };
		C30C655D1BD8B26900EE8340 /* ImageViewController.m */ = {isa = PBXFileReference; fileEncoding = 4; lastKnownFileType = sourcecode.c.objc; name = ImageViewController.m; path = Examples/ImageViewController.m; sourceTree = "<group>"; };
		C324CCD11EB9AE100056CD80 /* CalibrationIndicator.h */ = {isa = PBXFileReference; fileEncoding = 4; lastKnownFileType = sourcecode.c.h; name = CalibrationIndicator.h; path = Examples/CalibrationIndicator.h; sourceTree = "<group>"; };
		C324CCD21EB9AE100056CD80 /* CalibrationIndicator.m */ = {isa = PBXFileReference; fileEncoding = 4; lastKnownFileType = sourcecode.c.objc; name = CalibrationIndicator.m; path = Examples/CalibrationIndicator.m; sourceTree = "<group>"; };
		C3442F161BA1746A00BE1CF5 /* ApiKeys.h */ = {isa = PBXFileReference; fileEncoding = 4; lastKnownFileType = sourcecode.c.h; path = ApiKeys.h; sourceTree = "<group>"; };
		C3552B791E7BD8690060FB90 /* OrientationViewController.h */ = {isa = PBXFileReference; fileEncoding = 4; lastKnownFileType = sourcecode.c.h; name = OrientationViewController.h; path = Examples/OrientationViewController.h; sourceTree = "<group>"; };
		C3552B7A1E7BD8690060FB90 /* OrientationViewController.m */ = {isa = PBXFileReference; fileEncoding = 4; lastKnownFileType = sourcecode.c.objc; name = OrientationViewController.m; path = Examples/OrientationViewController.m; sourceTree = "<group>"; };
		C3552B7B1E7BD8690060FB90 /* PanoramaView.h */ = {isa = PBXFileReference; fileEncoding = 4; lastKnownFileType = sourcecode.c.h; name = PanoramaView.h; path = Examples/PanoramaView.h; sourceTree = "<group>"; };
		C3552B7C1E7BD8690060FB90 /* PanoramaView.m */ = {isa = PBXFileReference; fileEncoding = 4; lastKnownFileType = sourcecode.c.objc; name = PanoramaView.m; path = Examples/PanoramaView.m; sourceTree = "<group>"; };
		C3552B841E7BE8330060FB90 /* GLKit.framework */ = {isa = PBXFileReference; lastKnownFileType = wrapper.framework; name = GLKit.framework; path = System/Library/Frameworks/GLKit.framework; sourceTree = SDKROOT; };
		C3552B861E7BE83C0060FB90 /* OpenGLES.framework */ = {isa = PBXFileReference; lastKnownFileType = wrapper.framework; name = OpenGLES.framework; path = System/Library/Frameworks/OpenGLES.framework; sourceTree = SDKROOT; };
		C3552B8B1E7BEF080060FB90 /* telescope_compass_2048.jpg */ = {isa = PBXFileReference; lastKnownFileType = image.jpeg; name = telescope_compass_2048.jpg; path = images/telescope_compass_2048.jpg; sourceTree = SOURCE_ROOT; };
		C38C89121BE1FCCB0008B4DE /* libz.tbd */ = {isa = PBXFileReference; lastKnownFileType = "sourcecode.text-based-dylib-definition"; name = libz.tbd; path = usr/lib/libz.tbd; sourceTree = SDKROOT; };
		C39CEB331E855F5500BEEDC3 /* BackgroundViewController.h */ = {isa = PBXFileReference; fileEncoding = 4; lastKnownFileType = sourcecode.c.h; name = BackgroundViewController.h; path = Examples/BackgroundViewController.h; sourceTree = "<group>"; };
		C39CEB341E855F5500BEEDC3 /* BackgroundViewController.m */ = {isa = PBXFileReference; fileEncoding = 4; lastKnownFileType = sourcecode.c.objc; name = BackgroundViewController.m; path = Examples/BackgroundViewController.m; sourceTree = "<group>"; };
		C3AC85111BD8B8C500E17837 /* SystemConfiguration.framework */ = {isa = PBXFileReference; lastKnownFileType = wrapper.framework; name = SystemConfiguration.framework; path = System/Library/Frameworks/SystemConfiguration.framework; sourceTree = SDKROOT; };
		C3DB3CA61BA15A4C0048FD81 /* MapKit.framework */ = {isa = PBXFileReference; lastKnownFileType = wrapper.framework; name = MapKit.framework; path = System/Library/Frameworks/MapKit.framework; sourceTree = SDKROOT; };
/* End PBXFileReference section */

/* Begin PBXFrameworksBuildPhase section */
		494D6CBB18DC8A44004AA8E1 /* Frameworks */ = {
			isa = PBXFrameworksBuildPhase;
			buildActionMask = 2147483647;
			files = (
				C3552B871E7BE83C0060FB90 /* OpenGLES.framework in Frameworks */,
				C3552B851E7BE8330060FB90 /* GLKit.framework in Frameworks */,
				31F7A84D1BE2420C003C5163 /* libz.dylib in Frameworks */,
				C3AC85131BD8B8CC00E17837 /* MapKit.framework in Frameworks */,
				C3AC85121BD8B8C500E17837 /* SystemConfiguration.framework in Frameworks */,
				49B1A9F21B9F2E8C003D957D /* CoreLocation.framework in Frameworks */,
				49A11F251B2965C20040D562 /* CFNetwork.framework in Frameworks */,
				49A11F231B2965BB0040D562 /* Security.framework in Frameworks */,
				494D6CFB18DC8B16004AA8E1 /* CoreMotion.framework in Frameworks */,
				494D6CC418DC8A44004AA8E1 /* CoreGraphics.framework in Frameworks */,
				494D6CF918DC8ABC004AA8E1 /* IndoorAtlas.framework in Frameworks */,
				494D6CC618DC8A44004AA8E1 /* UIKit.framework in Frameworks */,
				494D6CC218DC8A44004AA8E1 /* Foundation.framework in Frameworks */,
				44E05CF0C6069B8739DA268E /* libPods-sdk-examples.a in Frameworks */,
			);
			runOnlyForDeploymentPostprocessing = 0;
		};
/* End PBXFrameworksBuildPhase section */

/* Begin PBXGroup section */
		494D6CB518DC8A43004AA8E1 = {
			isa = PBXGroup;
			children = (
				C30C65491BD8B1CE00EE8340 /* sdk-examples-Info.plist */,
				494D6CF618DC8AB2004AA8E1 /* IndoorAtlasBundle.xcassets */,
				C3552B811E7BD8E60060FB90 /* Images */,
				494D6CF018DC8AAA004AA8E1 /* Source */,
				494D6CC018DC8A44004AA8E1 /* Frameworks */,
				494D6CBF18DC8A44004AA8E1 /* Products */,
				FFF83D5C7C65A62966FF9FB2 /* Pods */,
			);
			sourceTree = "<group>";
		};
		494D6CBF18DC8A44004AA8E1 /* Products */ = {
			isa = PBXGroup;
			children = (
				494D6CBE18DC8A44004AA8E1 /* sdk-examples.app */,
			);
			name = Products;
			sourceTree = "<group>";
		};
		494D6CC018DC8A44004AA8E1 /* Frameworks */ = {
			isa = PBXGroup;
			children = (
				C3552B861E7BE83C0060FB90 /* OpenGLES.framework */,
				C3552B841E7BE8330060FB90 /* GLKit.framework */,
				31F7A84C1BE2420C003C5163 /* libz.dylib */,
				C38C89121BE1FCCB0008B4DE /* libz.tbd */,
				C3AC85111BD8B8C500E17837 /* SystemConfiguration.framework */,
				C3DB3CA61BA15A4C0048FD81 /* MapKit.framework */,
				49B1A9F11B9F2E8C003D957D /* CoreLocation.framework */,
				49A11F241B2965C20040D562 /* CFNetwork.framework */,
				49A11F221B2965BB0040D562 /* Security.framework */,
				494D6CFA18DC8B16004AA8E1 /* CoreMotion.framework */,
				494D6CF818DC8ABC004AA8E1 /* IndoorAtlas.framework */,
				494D6CC118DC8A44004AA8E1 /* Foundation.framework */,
				494D6CC318DC8A44004AA8E1 /* CoreGraphics.framework */,
				494D6CC518DC8A44004AA8E1 /* UIKit.framework */,
				97EB9EB706428D8D3F61DFBF /* libPods-sdk-examples.a */,
			);
			name = Frameworks;
			sourceTree = "<group>";
		};
		494D6CF018DC8AAA004AA8E1 /* Source */ = {
			isa = PBXGroup;
			children = (
				C30C65531BD8B24400EE8340 /* Examples */,
				C30C654B1BD8B23700EE8340 /* main.m */,
				C30C654C1BD8B23700EE8340 /* SDKDemoAppDelegate.h */,
				C30C654D1BD8B23700EE8340 /* SDKDemoAppDelegate.m */,
				C30C654E1BD8B23700EE8340 /* SDKDemoMasterViewController.h */,
				C30C654F1BD8B23700EE8340 /* SDKDemoMasterViewController.m */,
				C3442F161BA1746A00BE1CF5 /* ApiKeys.h */,
			);
			name = Source;
			path = src;
			sourceTree = "<group>";
		};
		C30C65531BD8B24400EE8340 /* Examples */ = {
			isa = PBXGroup;
			children = (
				C39CEB331E855F5500BEEDC3 /* BackgroundViewController.h */,
				C39CEB341E855F5500BEEDC3 /* BackgroundViewController.m */,
				C3552B791E7BD8690060FB90 /* OrientationViewController.h */,
				C3552B7A1E7BD8690060FB90 /* OrientationViewController.m */,
				C3552B7B1E7BD8690060FB90 /* PanoramaView.h */,
				C3552B7C1E7BD8690060FB90 /* PanoramaView.m */,
				654A820C1F03B189006F71D4 /* GeofenceViewController.m */,
				654A820E1F03B1AA006F71D4 /* GeofenceViewController.h */,
				C30320A11E42107F0075ACF1 /* RegionViewController.h */,
				C30320A21E42107F0075ACF1 /* RegionViewController.m */,
				933320E91E30AAE200804C34 /* ShareLocationViewController.h */,
				933320EA1E30AAE200804C34 /* ShareLocationViewController.m */,
				C30C65541BD8B26900EE8340 /* AppleMapsOverlayViewController.h */,
				C30C65551BD8B26900EE8340 /* AppleMapsOverlayViewController.m */,
				C30C65561BD8B26900EE8340 /* AppleMapsViewController.h */,
				C30C65571BD8B26900EE8340 /* AppleMapsViewController.m */,
				C30C65581BD8B26900EE8340 /* ConsoleViewController.h */,
				C30C65591BD8B26900EE8340 /* ConsoleViewController.m */,
				C30C655A1BD8B26900EE8340 /* Examples.h */,
				C30C655B1BD8B26900EE8340 /* Examples.m */,
				654A82111F06357B006F71D4 /* LowPowerViewController.h */,
				654A820F1F06353C006F71D4 /* LowPowerViewController.m */,
				C30C655C1BD8B26900EE8340 /* ImageViewController.h */,
				C30C655D1BD8B26900EE8340 /* ImageViewController.m */,
				C324CCD11EB9AE100056CD80 /* CalibrationIndicator.h */,
				C324CCD21EB9AE100056CD80 /* CalibrationIndicator.m */,
			);
			name = Examples;
			sourceTree = "<group>";
		};
		C3552B811E7BD8E60060FB90 /* Images */ = {
			isa = PBXGroup;
			children = (
				C3552B8B1E7BEF080060FB90 /* telescope_compass_2048.jpg */,
			);
			name = Images;
			path = src;
			sourceTree = "<group>";
		};
		FFF83D5C7C65A62966FF9FB2 /* Pods */ = {
			isa = PBXGroup;
			children = (
				60F2B605666BB6E3CA3461A0 /* Pods-sdk-examples.debug.xcconfig */,
				5FBEB7EE734060BE5687552A /* Pods-sdk-examples.release.xcconfig */,
			);
			name = Pods;
			sourceTree = "<group>";
		};
/* End PBXGroup section */

/* Begin PBXNativeTarget section */
		494D6CBD18DC8A44004AA8E1 /* sdk-examples */ = {
			isa = PBXNativeTarget;
			buildConfigurationList = 494D6CEA18DC8A44004AA8E1 /* Build configuration list for PBXNativeTarget "sdk-examples" */;
			buildPhases = (
				67A0DC4E13A8AB6D43DEBE81 /* [CP] Check Pods Manifest.lock */,
				494D6CBA18DC8A44004AA8E1 /* Sources */,
				494D6CBB18DC8A44004AA8E1 /* Frameworks */,
				494D6CBC18DC8A44004AA8E1 /* Resources */,
				8D9AAF8A84B0492F3C76802A /* [CP] Embed Pods Frameworks */,
				3EFC35DDAF914D3140A41C7D /* [CP] Copy Pods Resources */,
			);
			buildRules = (
			);
			dependencies = (
			);
			name = "sdk-examples";
			productName = "indooratlas-ios-sdk-example";
			productReference = 494D6CBE18DC8A44004AA8E1 /* sdk-examples.app */;
			productType = "com.apple.product-type.application";
		};
/* End PBXNativeTarget section */

/* Begin PBXProject section */
		494D6CB618DC8A43004AA8E1 /* Project object */ = {
			isa = PBXProject;
			attributes = {
				LastUpgradeCheck = 0700;
				ORGANIZATIONNAME = IndoorAtlas;
				TargetAttributes = {
					494D6CBD18DC8A44004AA8E1 = {
						DevelopmentTeam = 8RT2RTCTMC;
						ProvisioningStyle = Manual;
					};
				};
			};
			buildConfigurationList = 494D6CB918DC8A44004AA8E1 /* Build configuration list for PBXProject "indooratlas-ios-sdk-example" */;
			compatibilityVersion = "Xcode 3.2";
			developmentRegion = English;
			hasScannedForEncodings = 0;
			knownRegions = (
				en,
			);
			mainGroup = 494D6CB518DC8A43004AA8E1;
			productRefGroup = 494D6CBF18DC8A44004AA8E1 /* Products */;
			projectDirPath = "";
			projectRoot = "";
			targets = (
				494D6CBD18DC8A44004AA8E1 /* sdk-examples */,
			);
		};
/* End PBXProject section */

/* Begin PBXResourcesBuildPhase section */
		494D6CBC18DC8A44004AA8E1 /* Resources */ = {
			isa = PBXResourcesBuildPhase;
			buildActionMask = 2147483647;
			files = (
				494D6CF718DC8AB2004AA8E1 /* IndoorAtlasBundle.xcassets in Resources */,
				C3552B8C1E7BEF080060FB90 /* telescope_compass_2048.jpg in Resources */,
			);
			runOnlyForDeploymentPostprocessing = 0;
		};
/* End PBXResourcesBuildPhase section */

/* Begin PBXShellScriptBuildPhase section */
		3EFC35DDAF914D3140A41C7D /* [CP] Copy Pods Resources */ = {
			isa = PBXShellScriptBuildPhase;
			buildActionMask = 2147483647;
			files = (
			);
			inputPaths = (
			);
			name = "[CP] Copy Pods Resources";
			outputPaths = (
			);
			runOnlyForDeploymentPostprocessing = 0;
			shellPath = /bin/sh;
			shellScript = "\"${SRCROOT}/Pods/Target Support Files/Pods-sdk-examples/Pods-sdk-examples-resources.sh\"\n";
			showEnvVarsInLog = 0;
		};
		67A0DC4E13A8AB6D43DEBE81 /* [CP] Check Pods Manifest.lock */ = {
			isa = PBXShellScriptBuildPhase;
			buildActionMask = 2147483647;
			files = (
			);
			inputPaths = (
			);
			name = "[CP] Check Pods Manifest.lock";
			outputPaths = (
			);
			runOnlyForDeploymentPostprocessing = 0;
			shellPath = /bin/sh;
			shellScript = "diff \"${PODS_PODFILE_DIR_PATH}/Podfile.lock\" \"${PODS_ROOT}/Manifest.lock\" > /dev/null\nif [ $? != 0 ] ; then\n    # print error to STDERR\n    echo \"error: The sandbox is not in sync with the Podfile.lock. Run 'pod install' or update your CocoaPods installation.\" >&2\n    exit 1\nfi\n";
			showEnvVarsInLog = 0;
		};
		8D9AAF8A84B0492F3C76802A /* [CP] Embed Pods Frameworks */ = {
			isa = PBXShellScriptBuildPhase;
			buildActionMask = 2147483647;
			files = (
			);
			inputPaths = (
			);
			name = "[CP] Embed Pods Frameworks";
			outputPaths = (
			);
			runOnlyForDeploymentPostprocessing = 0;
			shellPath = /bin/sh;
			shellScript = "\"${SRCROOT}/Pods/Target Support Files/Pods-sdk-examples/Pods-sdk-examples-frameworks.sh\"\n";
			showEnvVarsInLog = 0;
		};
/* End PBXShellScriptBuildPhase section */

/* Begin PBXSourcesBuildPhase section */
		494D6CBA18DC8A44004AA8E1 /* Sources */ = {
			isa = PBXSourcesBuildPhase;
			buildActionMask = 2147483647;
			files = (
				C30C65521BD8B23700EE8340 /* SDKDemoMasterViewController.m in Sources */,
				654A82101F06353C006F71D4 /* LowPowerViewController.m in Sources */,
				C30C65511BD8B23700EE8340 /* SDKDemoAppDelegate.m in Sources */,
				C3552B7D1E7BD8690060FB90 /* OrientationViewController.m in Sources */,
				C3552B7E1E7BD8690060FB90 /* PanoramaView.m in Sources */,
				C30C65621BD8B26900EE8340 /* ImageViewController.m in Sources */,
				C39CEB351E855F5500BEEDC3 /* BackgroundViewController.m in Sources */,
				C30C65601BD8B26900EE8340 /* ConsoleViewController.m in Sources */,
				C30C655E1BD8B26900EE8340 /* AppleMapsOverlayViewController.m in Sources */,
				933320EB1E30AAE200804C34 /* ShareLocationViewController.m in Sources */,
				C30C65501BD8B23700EE8340 /* main.m in Sources */,
				C30C65611BD8B26900EE8340 /* Examples.m in Sources */,
				C30320A31E42107F0075ACF1 /* RegionViewController.m in Sources */,
				C324CCD31EB9AE100056CD80 /* CalibrationIndicator.m in Sources */,
				654A820D1F03B189006F71D4 /* GeofenceViewController.m in Sources */,
				C30C655F1BD8B26900EE8340 /* AppleMapsViewController.m in Sources */,
			);
			runOnlyForDeploymentPostprocessing = 0;
		};
/* End PBXSourcesBuildPhase section */

/* Begin XCBuildConfiguration section */
		494D6CE818DC8A44004AA8E1 /* Debug */ = {
			isa = XCBuildConfiguration;
			buildSettings = {
				CLANG_CXX_LANGUAGE_STANDARD = "gnu++0x";
				CLANG_CXX_LIBRARY = "libc++";
				CLANG_ENABLE_MODULES = YES;
				CLANG_ENABLE_OBJC_ARC = YES;
				CLANG_MODULES_AUTOLINK = NO;
				CLANG_WARN_BOOL_CONVERSION = YES;
				CLANG_WARN_CONSTANT_CONVERSION = YES;
				CLANG_WARN_DIRECT_OBJC_ISA_USAGE = YES_ERROR;
				CLANG_WARN_EMPTY_BODY = YES;
				CLANG_WARN_ENUM_CONVERSION = YES;
				CLANG_WARN_INT_CONVERSION = YES;
				CLANG_WARN_OBJC_ROOT_CLASS = YES_ERROR;
				CLANG_WARN__DUPLICATE_METHOD_MATCH = YES;
				"CODE_SIGN_IDENTITY[sdk=iphoneos*]" = "iPhone Developer";
				COPY_PHASE_STRIP = NO;
				ENABLE_BITCODE = NO;
				ENABLE_TESTABILITY = YES;
				FRAMEWORK_SEARCH_PATHS = ../;
				GCC_C_LANGUAGE_STANDARD = gnu99;
				GCC_DYNAMIC_NO_PIC = NO;
				GCC_OPTIMIZATION_LEVEL = 0;
				GCC_PREPROCESSOR_DEFINITIONS = (
					"DEBUG=1",
					"$(inherited)",
				);
				GCC_SYMBOLS_PRIVATE_EXTERN = NO;
				GCC_WARN_64_TO_32_BIT_CONVERSION = YES;
				GCC_WARN_ABOUT_RETURN_TYPE = YES_ERROR;
				GCC_WARN_UNDECLARED_SELECTOR = YES;
				GCC_WARN_UNINITIALIZED_AUTOS = YES_AGGRESSIVE;
				GCC_WARN_UNUSED_FUNCTION = YES;
				GCC_WARN_UNUSED_VARIABLE = YES;
				INFOPLIST_FILE = "";
				IPHONEOS_DEPLOYMENT_TARGET = 8.0;
				ONLY_ACTIVE_ARCH = YES;
				OTHER_LDFLAGS = "-lstdc++";
				SDKROOT = iphoneos;
				TARGETED_DEVICE_FAMILY = "1,2";
			};
			name = Debug;
		};
		494D6CE918DC8A44004AA8E1 /* Release */ = {
			isa = XCBuildConfiguration;
			buildSettings = {
				CLANG_CXX_LANGUAGE_STANDARD = "gnu++0x";
				CLANG_CXX_LIBRARY = "libc++";
				CLANG_ENABLE_MODULES = YES;
				CLANG_ENABLE_OBJC_ARC = YES;
				CLANG_MODULES_AUTOLINK = NO;
				CLANG_WARN_BOOL_CONVERSION = YES;
				CLANG_WARN_CONSTANT_CONVERSION = YES;
				CLANG_WARN_DIRECT_OBJC_ISA_USAGE = YES_ERROR;
				CLANG_WARN_EMPTY_BODY = YES;
				CLANG_WARN_ENUM_CONVERSION = YES;
				CLANG_WARN_INT_CONVERSION = YES;
				CLANG_WARN_OBJC_ROOT_CLASS = YES_ERROR;
				CLANG_WARN__DUPLICATE_METHOD_MATCH = YES;
				"CODE_SIGN_IDENTITY[sdk=iphoneos*]" = "iPhone Developer";
				COPY_PHASE_STRIP = YES;
				ENABLE_BITCODE = NO;
				ENABLE_NS_ASSERTIONS = NO;
				FRAMEWORK_SEARCH_PATHS = ../;
				GCC_C_LANGUAGE_STANDARD = gnu99;
				GCC_WARN_64_TO_32_BIT_CONVERSION = YES;
				GCC_WARN_ABOUT_RETURN_TYPE = YES_ERROR;
				GCC_WARN_UNDECLARED_SELECTOR = YES;
				GCC_WARN_UNINITIALIZED_AUTOS = YES_AGGRESSIVE;
				GCC_WARN_UNUSED_FUNCTION = YES;
				GCC_WARN_UNUSED_VARIABLE = YES;
				INFOPLIST_FILE = "";
				IPHONEOS_DEPLOYMENT_TARGET = 8.0;
				OTHER_LDFLAGS = "-lstdc++";
				SDKROOT = iphoneos;
				TARGETED_DEVICE_FAMILY = "1,2";
				VALIDATE_PRODUCT = YES;
			};
			name = Release;
		};
		494D6CEB18DC8A44004AA8E1 /* Debug */ = {
			isa = XCBuildConfiguration;
			baseConfigurationReference = 60F2B605666BB6E3CA3461A0 /* Pods-sdk-examples.debug.xcconfig */;
			buildSettings = {
				ASSETCATALOG_COMPILER_APPICON_NAME = AppIcon;
				ASSETCATALOG_COMPILER_LAUNCHIMAGE_NAME = LaunchImage;
				"CODE_SIGN_IDENTITY[sdk=iphoneos*]" = "iPhone Developer";
				DEVELOPMENT_TEAM = 8RT2RTCTMC;
				ENABLE_BITCODE = NO;
				INFOPLIST_FILE = "sdk-examples-Info.plist";
				PRODUCT_BUNDLE_IDENTIFIER = "com.indooratlas.${PRODUCT_NAME:rfc1034identifier}";
				PRODUCT_NAME = "$(TARGET_NAME)";
				PROVISIONING_PROFILE = "a6cdf473-35c5-4ef6-b626-e58869a4383d";
				PROVISIONING_PROFILE_SPECIFIER = "iOS Development (Running)";
				WRAPPER_EXTENSION = app;
			};
			name = Debug;
		};
		494D6CEC18DC8A44004AA8E1 /* Release */ = {
			isa = XCBuildConfiguration;
			baseConfigurationReference = 5FBEB7EE734060BE5687552A /* Pods-sdk-examples.release.xcconfig */;
			buildSettings = {
				ASSETCATALOG_COMPILER_APPICON_NAME = AppIcon;
				ASSETCATALOG_COMPILER_LAUNCHIMAGE_NAME = LaunchImage;
				DEVELOPMENT_TEAM = "";
				ENABLE_BITCODE = NO;
				INFOPLIST_FILE = "sdk-examples-Info.plist";
				PRODUCT_BUNDLE_IDENTIFIER = "com.indooratlas.${PRODUCT_NAME:rfc1034identifier}";
				PRODUCT_NAME = "$(TARGET_NAME)";
				PROVISIONING_PROFILE_SPECIFIER = "";
				WRAPPER_EXTENSION = app;
			};
			name = Release;
		};
/* End XCBuildConfiguration section */

/* Begin XCConfigurationList section */
		494D6CB918DC8A44004AA8E1 /* Build configuration list for PBXProject "indooratlas-ios-sdk-example" */ = {
			isa = XCConfigurationList;
			buildConfigurations = (
				494D6CE818DC8A44004AA8E1 /* Debug */,
				494D6CE918DC8A44004AA8E1 /* Release */,
			);
			defaultConfigurationIsVisible = 0;
			defaultConfigurationName = Release;
		};
		494D6CEA18DC8A44004AA8E1 /* Build configuration list for PBXNativeTarget "sdk-examples" */ = {
			isa = XCConfigurationList;
			buildConfigurations = (
				494D6CEB18DC8A44004AA8E1 /* Debug */,
				494D6CEC18DC8A44004AA8E1 /* Release */,
			);
			defaultConfigurationIsVisible = 0;
			defaultConfigurationName = Release;
		};
/* End XCConfigurationList section */
	};
	rootObject = 494D6CB618DC8A43004AA8E1 /* Project object */;
}
